{
  "name": "reference",
  "version": "1.0.0",
  "lockfileVersion": 1,
  "requires": true,
  "dependencies": {
    "gitbook-plugin-adsense": {
      "version": "1.0.3",
      "resolved": "https://registry.npmjs.org/gitbook-plugin-adsense/-/gitbook-plugin-adsense-1.0.3.tgz",
      "integrity": "sha512-z/TQusPFzyhIhIOA4QteU4kMb3OFmsMQbHp/PQWumEX+ltqCRv3PiV1SG/2gpxCrWObXzmw+N62GPGFWWNGjaA=="
    },
    "gitbook-plugin-include-html": {
      "version": "0.2.0",
      "resolved": "https://registry.npmjs.org/gitbook-plugin-include-html/-/gitbook-plugin-include-html-0.2.0.tgz",
      "integrity": "sha512-oXbLKcBd0sy/k4o2bzBnwN0VxTohRkvTPqP+W14rwvfE2LbEnUGhxha9swFC5Ty8NbNcAsnLXrOQYcF2U18f0g==",
      "requires": {
        "q": "*"
      }
    },
    "q": {
      "version": "1.5.1",
      "resolved": "https://registry.npmjs.org/q/-/q-1.5.1.tgz",
      "integrity": "sha1-fjL3W0E4EpHQRhHxvxQQmsAGUdc="
    }
  }
}
