{
  "requires": true,
  "lockfileVersion": 1,
  "dependencies": {
    "gitbook-plugin-github-buttons": {
      "version": "3.0.0",
      "resolved": "https://registry.npmjs.org/gitbook-plugin-github-buttons/-/gitbook-plugin-github-buttons-3.0.0.tgz",
      "integrity": "sha512-Lqbsw+FRMPtJH/aj8Cz5JwsjQigAMiSNPKKp/SGsHr5KVzAIbjsBJNIjrKAtuagKboXnj8mqY5a5VLcQPt0tGQ=="
    },
    "gitbook-plugin-google-adsense": {
      "version": "0.1.0",
      "resolved": "https://registry.npmjs.org/gitbook-plugin-google-adsense/-/gitbook-plugin-google-adsense-0.1.0.tgz",
      "integrity": "sha1-vyR0zJUlhSyCciwNj7O/1xNnD+w="
    }
  }
}
